
Microsoft Visual Studio Solution File, Format Version 12.00
# Visual Studio Version 17
VisualStudioVersion = 17.5.33502.453
MinimumVisualStudioVersion = 10.0.40219.1
Project("{9A19103F-16F7-4668-BE54-9A1E7A4F7556}") = "Bai1_LamquenvoiC#", "Bai1_LamquenvoiC#\Bai1_LamquenvoiC#.csproj", "{D5E5071A-FC54-4F56-8EF1-DBE1C029D259}"
EndProject
Global
	GlobalSection(SolutionConfigurationPlatforms) = preSolution
		Debug|Any CPU = Debug|Any CPU
		Release|Any CPU = Release|Any CPU
	EndGlobalSection
	GlobalSection(ProjectConfigurationPlatforms) = postSolution
		{D5E5071A-FC54-4F56-8EF1-DBE1C029D259}.Debug|Any CPU.ActiveCfg = Debug|Any CPU
		{D5E5071A-FC54-4F56-8EF1-DBE1C029D259}.Debug|Any CPU.Build.0 = Debug|Any CPU
		{D5E5071A-FC54-4F56-8EF1-DBE1C029D259}.Release|Any CPU.ActiveCfg = Release|Any CPU
		{D5E5071A-FC54-4F56-8EF1-DBE1C029D259}.Release|Any CPU.Build.0 = Release|Any CPU
	EndGlobalSection
	GlobalSection(SolutionProperties) = preSolution
		HideSolutionNode = FALSE
	EndGlobalSection
	GlobalSection(ExtensibilityGlobals) = postSolution
		SolutionGuid = {51DC4FBB-05E9-4750-9334-0629674B3195}
	EndGlobalSection
EndGlobal
